// !$*UTF8*$!
{
	archiveVersion = 1;
	classes = {
	};
	objectVersion = 50;
	objects = {

/* Begin PBXBuildFile section */
		5B11E36C21C07E83009E7411 /* AppDelegate.swift in Sources */ = {isa = PBXBuildFile; fileRef = 5B11E36B21C07E83009E7411 /* AppDelegate.swift */; };
		5B11E37321C07E84009E7411 /* Assets.xcassets in Resources */ = {isa = PBXBuildFile; fileRef = 5B11E37221C07E84009E7411 /* Assets.xcassets */; };
		5B11E37621C07E84009E7411 /* LaunchScreen.storyboard in Resources */ = {isa = PBXBuildFile; fileRef = 5B11E37421C07E84009E7411 /* LaunchScreen.storyboard */; };
		5B11E38121C07E84009E7411 /* ChuckNorrisTests.swift in Sources */ = {isa = PBXBuildFile; fileRef = 5B11E38021C07E84009E7411 /* ChuckNorrisTests.swift */; };
		5B11E38C21C07E84009E7411 /* ChuckNorrisUITests.swift in Sources */ = {isa = PBXBuildFile; fileRef = 5B11E38B21C07E84009E7411 /* ChuckNorrisUITests.swift */; };
		5B11E39F21C080DF009E7411 /* JokeViewController.swift in Sources */ = {isa = PBXBuildFile; fileRef = 5B11E39E21C080DF009E7411 /* JokeViewController.swift */; };
		5B11E3A321C080FF009E7411 /* Joke.swift in Sources */ = {isa = PBXBuildFile; fileRef = 5B11E3A221C080FF009E7411 /* Joke.swift */; };
		5BBFA15B21C0843900EC1120 /* JokeViewModel.swift in Sources */ = {isa = PBXBuildFile; fileRef = 5BBFA15A21C0843900EC1120 /* JokeViewModel.swift */; };
		5BBFA15E21C0847D00EC1120 /* JokesRepository.swift in Sources */ = {isa = PBXBuildFile; fileRef = 5BBFA15D21C0847D00EC1120 /* JokesRepository.swift */; };
		5BBFA16021C0848600EC1120 /* BaseRepository.swift in Sources */ = {isa = PBXBuildFile; fileRef = 5BBFA15F21C0848600EC1120 /* BaseRepository.swift */; };
		5BBFA16321C094A800EC1120 /* UIViewControllerExtensions.swift in Sources */ = {isa = PBXBuildFile; fileRef = 5BBFA16221C094A800EC1120 /* UIViewControllerExtensions.swift */; };
		5BBFA16521C0A76500EC1120 /* JokeView.swift in Sources */ = {isa = PBXBuildFile; fileRef = 5BBFA16421C0A76500EC1120 /* JokeView.swift */; };
		5BBFAECF21F7E4A90081DFCE /* UIImageExtensions.swift in Sources */ = {isa = PBXBuildFile; fileRef = 5BBFAECE21F7E4A90081DFCE /* UIImageExtensions.swift */; };
/* End PBXBuildFile section */

/* Begin PBXContainerItemProxy section */
		5B11E37D21C07E84009E7411 /* PBXContainerItemProxy */ = {
			isa = PBXContainerItemProxy;
			containerPortal = 5B11E36021C07E83009E7411 /* Project object */;
			proxyType = 1;
			remoteGlobalIDString = 5B11E36721C07E83009E7411;
			remoteInfo = ChuckNorris;
		};
		5B11E38821C07E84009E7411 /* PBXContainerItemProxy */ = {
			isa = PBXContainerItemProxy;
			containerPortal = 5B11E36021C07E83009E7411 /* Project object */;
			proxyType = 1;
			remoteGlobalIDString = 5B11E36721C07E83009E7411;
			remoteInfo = ChuckNorris;
		};
/* End PBXContainerItemProxy section */

/* Begin PBXFileReference section */
		5B11E36821C07E83009E7411 /* ChuckNorris.app */ = {isa = PBXFileReference; explicitFileType = wrapper.application; includeInIndex = 0; path = ChuckNorris.app; sourceTree = BUILT_PRODUCTS_DIR; };
		5B11E36B21C07E83009E7411 /* AppDelegate.swift */ = {isa = PBXFileReference; lastKnownFileType = sourcecode.swift; path = AppDelegate.swift; sourceTree = "<group>"; };
		5B11E37221C07E84009E7411 /* Assets.xcassets */ = {isa = PBXFileReference; lastKnownFileType = folder.assetcatalog; path = Assets.xcassets; sourceTree = "<group>"; };
		5B11E37521C07E84009E7411 /* Base */ = {isa = PBXFileReference; lastKnownFileType = file.storyboard; name = Base; path = Base.lproj/LaunchScreen.storyboard; sourceTree = "<group>"; };
		5B11E37721C07E84009E7411 /* Info.plist */ = {isa = PBXFileReference; lastKnownFileType = text.plist.xml; path = Info.plist; sourceTree = "<group>"; };
		5B11E37C21C07E84009E7411 /* ChuckNorrisTests.xctest */ = {isa = PBXFileReference; explicitFileType = wrapper.cfbundle; includeInIndex = 0; path = ChuckNorrisTests.xctest; sourceTree = BUILT_PRODUCTS_DIR; };
		5B11E38021C07E84009E7411 /* ChuckNorrisTests.swift */ = {isa = PBXFileReference; lastKnownFileType = sourcecode.swift; path = ChuckNorrisTests.swift; sourceTree = "<group>"; };
		5B11E38221C07E84009E7411 /* Info.plist */ = {isa = PBXFileReference; lastKnownFileType = text.plist.xml; path = Info.plist; sourceTree = "<group>"; };
		5B11E38721C07E84009E7411 /* ChuckNorrisUITests.xctest */ = {isa = PBXFileReference; explicitFileType = wrapper.cfbundle; includeInIndex = 0; path = ChuckNorrisUITests.xctest; sourceTree = BUILT_PRODUCTS_DIR; };
		5B11E38B21C07E84009E7411 /* ChuckNorrisUITests.swift */ = {isa = PBXFileReference; lastKnownFileType = sourcecode.swift; path = ChuckNorrisUITests.swift; sourceTree = "<group>"; };
		5B11E38D21C07E84009E7411 /* Info.plist */ = {isa = PBXFileReference; lastKnownFileType = text.plist.xml; path = Info.plist; sourceTree = "<group>"; };
		5B11E39E21C080DF009E7411 /* JokeViewController.swift */ = {isa = PBXFileReference; lastKnownFileType = sourcecode.swift; path = JokeViewController.swift; sourceTree = "<group>"; };
		5B11E3A221C080FF009E7411 /* Joke.swift */ = {isa = PBXFileReference; lastKnownFileType = sourcecode.swift; path = Joke.swift; sourceTree = "<group>"; };
		5BBFA15A21C0843900EC1120 /* JokeViewModel.swift */ = {isa = PBXFileReference; lastKnownFileType = sourcecode.swift; path = JokeViewModel.swift; sourceTree = "<group>"; };
		5BBFA15D21C0847D00EC1120 /* JokesRepository.swift */ = {isa = PBXFileReference; lastKnownFileType = sourcecode.swift; path = JokesRepository.swift; sourceTree = "<group>"; };
		5BBFA15F21C0848600EC1120 /* BaseRepository.swift */ = {isa = PBXFileReference; lastKnownFileType = sourcecode.swift; path = BaseRepository.swift; sourceTree = "<group>"; };
		5BBFA16221C094A800EC1120 /* UIViewControllerExtensions.swift */ = {isa = PBXFileReference; lastKnownFileType = sourcecode.swift; path = UIViewControllerExtensions.swift; sourceTree = "<group>"; };
		5BBFA16421C0A76500EC1120 /* JokeView.swift */ = {isa = PBXFileReference; lastKnownFileType = sourcecode.swift; path = JokeView.swift; sourceTree = "<group>"; };
		5BBFAECE21F7E4A90081DFCE /* UIImageExtensions.swift */ = {isa = PBXFileReference; lastKnownFileType = sourcecode.swift; path = UIImageExtensions.swift; sourceTree = "<group>"; };
/* End PBXFileReference section */

/* Begin PBXFrameworksBuildPhase section */
		5B11E36521C07E83009E7411 /* Frameworks */ = {
			isa = PBXFrameworksBuildPhase;
			buildActionMask = 2147483647;
			files = (
			);
			runOnlyForDeploymentPostprocessing = 0;
		};
		5B11E37921C07E84009E7411 /* Frameworks */ = {
			isa = PBXFrameworksBuildPhase;
			buildActionMask = 2147483647;
			files = (
			);
			runOnlyForDeploymentPostprocessing = 0;
		};
		5B11E38421C07E84009E7411 /* Frameworks */ = {
			isa = PBXFrameworksBuildPhase;
			buildActionMask = 2147483647;
			files = (
			);
			runOnlyForDeploymentPostprocessing = 0;
		};
/* End PBXFrameworksBuildPhase section */

/* Begin PBXGroup section */
		5B11E35F21C07E83009E7411 = {
			isa = PBXGroup;
			children = (
				5B11E36A21C07E83009E7411 /* ChuckNorris */,
				5B11E37F21C07E84009E7411 /* ChuckNorrisTests */,
				5B11E38A21C07E84009E7411 /* ChuckNorrisUITests */,
				5B11E36921C07E83009E7411 /* Products */,
			);
			sourceTree = "<group>";
		};
		5B11E36921C07E83009E7411 /* Products */ = {
			isa = PBXGroup;
			children = (
				5B11E36821C07E83009E7411 /* ChuckNorris.app */,
				5B11E37C21C07E84009E7411 /* ChuckNorrisTests.xctest */,
				5B11E38721C07E84009E7411 /* ChuckNorrisUITests.xctest */,
			);
			name = Products;
			sourceTree = "<group>";
		};
		5B11E36A21C07E83009E7411 /* ChuckNorris */ = {
			isa = PBXGroup;
			children = (
				5B11E39921C07FFE009E7411 /* App */,
				5BBFA16121C0949100EC1120 /* Extension */,
				5BBFA15C21C0845C00EC1120 /* Repository */,
				5B11E39D21C08049009E7411 /* Resource */,
				5B11E39C21C08026009E7411 /* UseCase */,
			);
			path = ChuckNorris;
			sourceTree = "<group>";
		};
		5B11E37F21C07E84009E7411 /* ChuckNorrisTests */ = {
			isa = PBXGroup;
			children = (
				5B11E38021C07E84009E7411 /* ChuckNorrisTests.swift */,
				5B11E38221C07E84009E7411 /* Info.plist */,
			);
			path = ChuckNorrisTests;
			sourceTree = "<group>";
		};
		5B11E38A21C07E84009E7411 /* ChuckNorrisUITests */ = {
			isa = PBXGroup;
			children = (
				5B11E38B21C07E84009E7411 /* ChuckNorrisUITests.swift */,
				5B11E38D21C07E84009E7411 /* Info.plist */,
			);
			path = ChuckNorrisUITests;
			sourceTree = "<group>";
		};
		5B11E39921C07FFE009E7411 /* App */ = {
			isa = PBXGroup;
			children = (
				5B11E36B21C07E83009E7411 /* AppDelegate.swift */,
			);
			path = App;
			sourceTree = "<group>";
		};
		5B11E39A21C08007009E7411 /* Joke */ = {
			isa = PBXGroup;
			children = (
				5B11E3A221C080FF009E7411 /* Joke.swift */,
				5BBFA16421C0A76500EC1120 /* JokeView.swift */,
				5B11E39E21C080DF009E7411 /* JokeViewController.swift */,
				5BBFA15A21C0843900EC1120 /* JokeViewModel.swift */,
			);
			path = Joke;
			sourceTree = "<group>";
		};
		5B11E39B21C08016009E7411 /* JokesList */ = {
			isa = PBXGroup;
			children = (
			);
			path = JokesList;
			sourceTree = "<group>";
		};
		5B11E39C21C08026009E7411 /* UseCase */ = {
			isa = PBXGroup;
			children = (
				5B11E39B21C08016009E7411 /* JokesList */,
				5B11E39A21C08007009E7411 /* Joke */,
			);
			path = UseCase;
			sourceTree = "<group>";
		};
		5B11E39D21C08049009E7411 /* Resource */ = {
			isa = PBXGroup;
			children = (
				5B11E37221C07E84009E7411 /* Assets.xcassets */,
				5B11E37421C07E84009E7411 /* LaunchScreen.storyboard */,
				5B11E37721C07E84009E7411 /* Info.plist */,
			);
			path = Resource;
			sourceTree = "<group>";
		};
		5BBFA15C21C0845C00EC1120 /* Repository */ = {
			isa = PBXGroup;
			children = (
				5BBFA15F21C0848600EC1120 /* BaseRepository.swift */,
				5BBFA15D21C0847D00EC1120 /* JokesRepository.swift */,
			);
			path = Repository;
			sourceTree = "<group>";
		};
		5BBFA16121C0949100EC1120 /* Extension */ = {
			isa = PBXGroup;
			children = (
				5BBFA16221C094A800EC1120 /* UIViewControllerExtensions.swift */,
				5BBFAECE21F7E4A90081DFCE /* UIImageExtensions.swift */,
			);
			path = Extension;
			sourceTree = "<group>";
		};
/* End PBXGroup section */

/* Begin PBXNativeTarget section */
		5B11E36721C07E83009E7411 /* ChuckNorris */ = {
			isa = PBXNativeTarget;
			buildConfigurationList = 5B11E39021C07E84009E7411 /* Build configuration list for PBXNativeTarget "ChuckNorris" */;
			buildPhases = (
				5B11E36421C07E83009E7411 /* Sources */,
				5B11E36521C07E83009E7411 /* Frameworks */,
				5B11E36621C07E83009E7411 /* Resources */,
			);
			buildRules = (
			);
			dependencies = (
			);
			name = ChuckNorris;
			productName = ChuckNorris;
			productReference = 5B11E36821C07E83009E7411 /* ChuckNorris.app */;
			productType = "com.apple.product-type.application";
		};
		5B11E37B21C07E84009E7411 /* ChuckNorrisTests */ = {
			isa = PBXNativeTarget;
			buildConfigurationList = 5B11E39321C07E84009E7411 /* Build configuration list for PBXNativeTarget "ChuckNorrisTests" */;
			buildPhases = (
				5B11E37821C07E84009E7411 /* Sources */,
				5B11E37921C07E84009E7411 /* Frameworks */,
				5B11E37A21C07E84009E7411 /* Resources */,
			);
			buildRules = (
			);
			dependencies = (
				5B11E37E21C07E84009E7411 /* PBXTargetDependency */,
			);
			name = ChuckNorrisTests;
			productName = ChuckNorrisTests;
			productReference = 5B11E37C21C07E84009E7411 /* ChuckNorrisTests.xctest */;
			productType = "com.apple.product-type.bundle.unit-test";
		};
		5B11E38621C07E84009E7411 /* ChuckNorrisUITests */ = {
			isa = PBXNativeTarget;
			buildConfigurationList = 5B11E39621C07E84009E7411 /* Build configuration list for PBXNativeTarget "ChuckNorrisUITests" */;
			buildPhases = (
				5B11E38321C07E84009E7411 /* Sources */,
				5B11E38421C07E84009E7411 /* Frameworks */,
				5B11E38521C07E84009E7411 /* Resources */,
			);
			buildRules = (
			);
			dependencies = (
				5B11E38921C07E84009E7411 /* PBXTargetDependency */,
			);
			name = ChuckNorrisUITests;
			productName = ChuckNorrisUITests;
			productReference = 5B11E38721C07E84009E7411 /* ChuckNorrisUITests.xctest */;
			productType = "com.apple.product-type.bundle.ui-testing";
		};
/* End PBXNativeTarget section */

/* Begin PBXProject section */
		5B11E36021C07E83009E7411 /* Project object */ = {
			isa = PBXProject;
			attributes = {
				LastSwiftUpdateCheck = 1010;
				LastUpgradeCheck = 1010;
				ORGANIZATIONNAME = "Rodrigo Dumont";
				TargetAttributes = {
					5B11E36721C07E83009E7411 = {
						CreatedOnToolsVersion = 10.1;
					};
					5B11E37B21C07E84009E7411 = {
						CreatedOnToolsVersion = 10.1;
						TestTargetID = 5B11E36721C07E83009E7411;
					};
					5B11E38621C07E84009E7411 = {
						CreatedOnToolsVersion = 10.1;
						TestTargetID = 5B11E36721C07E83009E7411;
					};
				};
			};
			buildConfigurationList = 5B11E36321C07E83009E7411 /* Build configuration list for PBXProject "ChuckNorris" */;
			compatibilityVersion = "Xcode 9.3";
			developmentRegion = en;
			hasScannedForEncodings = 0;
			knownRegions = (
				en,
				Base,
			);
			mainGroup = 5B11E35F21C07E83009E7411;
			productRefGroup = 5B11E36921C07E83009E7411 /* Products */;
			projectDirPath = "";
			projectRoot = "";
			targets = (
				5B11E36721C07E83009E7411 /* ChuckNorris */,
				5B11E37B21C07E84009E7411 /* ChuckNorrisTests */,
				5B11E38621C07E84009E7411 /* ChuckNorrisUITests */,
			);
		};
/* End PBXProject section */

/* Begin PBXResourcesBuildPhase section */
		5B11E36621C07E83009E7411 /* Resources */ = {
			isa = PBXResourcesBuildPhase;
			buildActionMask = 2147483647;
			files = (
				5B11E37621C07E84009E7411 /* LaunchScreen.storyboard in Resources */,
				5B11E37321C07E84009E7411 /* Assets.xcassets in Resources */,
			);
			runOnlyForDeploymentPostprocessing = 0;
		};
		5B11E37A21C07E84009E7411 /* Resources */ = {
			isa = PBXResourcesBuildPhase;
			buildActionMask = 2147483647;
			files = (
			);
			runOnlyForDeploymentPostprocessing = 0;
		};
		5B11E38521C07E84009E7411 /* Resources */ = {
			isa = PBXResourcesBuildPhase;
			buildActionMask = 2147483647;
			files = (
			);
			runOnlyForDeploymentPostprocessing = 0;
		};
/* End PBXResourcesBuildPhase section */

/* Begin PBXSourcesBuildPhase section */
		5B11E36421C07E83009E7411 /* Sources */ = {
			isa = PBXSourcesBuildPhase;
			buildActionMask = 2147483647;
			files = (
				5BBFAECF21F7E4A90081DFCE /* UIImageExtensions.swift in Sources */,
				5BBFA16021C0848600EC1120 /* BaseRepository.swift in Sources */,
				5B11E36C21C07E83009E7411 /* AppDelegate.swift in Sources */,
				5BBFA15E21C0847D00EC1120 /* JokesRepository.swift in Sources */,
				5B11E39F21C080DF009E7411 /* JokeViewController.swift in Sources */,
				5B11E3A321C080FF009E7411 /* Joke.swift in Sources */,
				5BBFA16521C0A76500EC1120 /* JokeView.swift in Sources */,
				5BBFA15B21C0843900EC1120 /* JokeViewModel.swift in Sources */,
				5BBFA16321C094A800EC1120 /* UIViewControllerExtensions.swift in Sources */,
			);
			runOnlyForDeploymentPostprocessing = 0;
		};
		5B11E37821C07E84009E7411 /* Sources */ = {
			isa = PBXSourcesBuildPhase;
			buildActionMask = 2147483647;
			files = (
				5B11E38121C07E84009E7411 /* ChuckNorrisTests.swift in Sources */,
			);
			runOnlyForDeploymentPostprocessing = 0;
		};
		5B11E38321C07E84009E7411 /* Sources */ = {
			isa = PBXSourcesBuildPhase;
			buildActionMask = 2147483647;
			files = (
				5B11E38C21C07E84009E7411 /* ChuckNorrisUITests.swift in Sources */,
			);
			runOnlyForDeploymentPostprocessing = 0;
		};
/* End PBXSourcesBuildPhase section */

/* Begin PBXTargetDependency section */
		5B11E37E21C07E84009E7411 /* PBXTargetDependency */ = {
			isa = PBXTargetDependency;
			target = 5B11E36721C07E83009E7411 /* ChuckNorris */;
			targetProxy = 5B11E37D21C07E84009E7411 /* PBXContainerItemProxy */;
		};
		5B11E38921C07E84009E7411 /* PBXTargetDependency */ = {
			isa = PBXTargetDependency;
			target = 5B11E36721C07E83009E7411 /* ChuckNorris */;
			targetProxy = 5B11E38821C07E84009E7411 /* PBXContainerItemProxy */;
		};
/* End PBXTargetDependency section */

/* Begin PBXVariantGroup section */
		5B11E37421C07E84009E7411 /* LaunchScreen.storyboard */ = {
			isa = PBXVariantGroup;
			children = (
				5B11E37521C07E84009E7411 /* Base */,
			);
			name = LaunchScreen.storyboard;
			sourceTree = "<group>";
		};
/* End PBXVariantGroup section */

/* Begin XCBuildConfiguration section */
		5B11E38E21C07E84009E7411 /* Debug */ = {
			isa = XCBuildConfiguration;
			buildSettings = {
				ALWAYS_SEARCH_USER_PATHS = NO;
				CLANG_ANALYZER_NONNULL = YES;
				CLANG_ANALYZER_NUMBER_OBJECT_CONVERSION = YES_AGGRESSIVE;
				CLANG_CXX_LANGUAGE_STANDARD = "gnu++14";
				CLANG_CXX_LIBRARY = "libc++";
				CLANG_ENABLE_MODULES = YES;
				CLANG_ENABLE_OBJC_ARC = YES;
				CLANG_ENABLE_OBJC_WEAK = YES;
				CLANG_WARN_BLOCK_CAPTURE_AUTORELEASING = YES;
				CLANG_WARN_BOOL_CONVERSION = YES;
				CLANG_WARN_COMMA = YES;
				CLANG_WARN_CONSTANT_CONVERSION = YES;
				CLANG_WARN_DEPRECATED_OBJC_IMPLEMENTATIONS = YES;
				CLANG_WARN_DIRECT_OBJC_ISA_USAGE = YES_ERROR;
				CLANG_WARN_DOCUMENTATION_COMMENTS = YES;
				CLANG_WARN_EMPTY_BODY = YES;
				CLANG_WARN_ENUM_CONVERSION = YES;
				CLANG_WARN_INFINITE_RECURSION = YES;
				CLANG_WARN_INT_CONVERSION = YES;
				CLANG_WARN_NON_LITERAL_NULL_CONVERSION = YES;
				CLANG_WARN_OBJC_IMPLICIT_RETAIN_SELF = YES;
				CLANG_WARN_OBJC_LITERAL_CONVERSION = YES;
				CLANG_WARN_OBJC_ROOT_CLASS = YES_ERROR;
				CLANG_WARN_RANGE_LOOP_ANALYSIS = YES;
				CLANG_WARN_STRICT_PROTOTYPES = YES;
				CLANG_WARN_SUSPICIOUS_MOVE = YES;
				CLANG_WARN_UNGUARDED_AVAILABILITY = YES_AGGRESSIVE;
				CLANG_WARN_UNREACHABLE_CODE = YES;
				CLANG_WARN__DUPLICATE_METHOD_MATCH = YES;
				CODE_SIGN_IDENTITY = "iPhone Developer";
				COPY_PHASE_STRIP = NO;
				DEBUG_INFORMATION_FORMAT = dwarf;
				ENABLE_STRICT_OBJC_MSGSEND = YES;
				ENABLE_TESTABILITY = YES;
				GCC_C_LANGUAGE_STANDARD = gnu11;
				GCC_DYNAMIC_NO_PIC = NO;
				GCC_NO_COMMON_BLOCKS = YES;
				GCC_OPTIMIZATION_LEVEL = 0;
				GCC_PREPROCESSOR_DEFINITIONS = (
					"DEBUG=1",
					"$(inherited)",
				);
				GCC_WARN_64_TO_32_BIT_CONVERSION = YES;
				GCC_WARN_ABOUT_RETURN_TYPE = YES_ERROR;
				GCC_WARN_UNDECLARED_SELECTOR = YES;
				GCC_WARN_UNINITIALIZED_AUTOS = YES_AGGRESSIVE;
				GCC_WARN_UNUSED_FUNCTION = YES;
				GCC_WARN_UNUSED_VARIABLE = YES;
				IPHONEOS_DEPLOYMENT_TARGET = 12.1;
				MTL_ENABLE_DEBUG_INFO = INCLUDE_SOURCE;
				MTL_FAST_MATH = YES;
				ONLY_ACTIVE_ARCH = YES;
				SDKROOT = iphoneos;
				SWIFT_ACTIVE_COMPILATION_CONDITIONS = DEBUG;
				SWIFT_OPTIMIZATION_LEVEL = "-Onone";
			};
			name = Debug;
		};
		5B11E38F21C07E84009E7411 /* Release */ = {
			isa = XCBuildConfiguration;
			buildSettings = {
				ALWAYS_SEARCH_USER_PATHS = NO;
				CLANG_ANALYZER_NONNULL = YES;
				CLANG_ANALYZER_NUMBER_OBJECT_CONVERSION = YES_AGGRESSIVE;
				CLANG_CXX_LANGUAGE_STANDARD = "gnu++14";
				CLANG_CXX_LIBRARY = "libc++";
				CLANG_ENABLE_MODULES = YES;
				CLANG_ENABLE_OBJC_ARC = YES;
				CLANG_ENABLE_OBJC_WEAK = YES;
				CLANG_WARN_BLOCK_CAPTURE_AUTORELEASING = YES;
				CLANG_WARN_BOOL_CONVERSION = YES;
				CLANG_WARN_COMMA = YES;
				CLANG_WARN_CONSTANT_CONVERSION = YES;
				CLANG_WARN_DEPRECATED_OBJC_IMPLEMENTATIONS = YES;
				CLANG_WARN_DIRECT_OBJC_ISA_USAGE = YES_ERROR;
				CLANG_WARN_DOCUMENTATION_COMMENTS = YES;
				CLANG_WARN_EMPTY_BODY = YES;
				CLANG_WARN_ENUM_CONVERSION = YES;
				CLANG_WARN_INFINITE_RECURSION = YES;
				CLANG_WARN_INT_CONVERSION = YES;
				CLANG_WARN_NON_LITERAL_NULL_CONVERSION = YES;
				CLANG_WARN_OBJC_IMPLICIT_RETAIN_SELF = YES;
				CLANG_WARN_OBJC_LITERAL_CONVERSION = YES;
				CLANG_WARN_OBJC_ROOT_CLASS = YES_ERROR;
				CLANG_WARN_RANGE_LOOP_ANALYSIS = YES;
				CLANG_WARN_STRICT_PROTOTYPES = YES;
				CLANG_WARN_SUSPICIOUS_MOVE = YES;
				CLANG_WARN_UNGUARDED_AVAILABILITY = YES_AGGRESSIVE;
				CLANG_WARN_UNREACHABLE_CODE = YES;
				CLANG_WARN__DUPLICATE_METHOD_MATCH = YES;
				CODE_SIGN_IDENTITY = "iPhone Developer";
				COPY_PHASE_STRIP = NO;
				DEBUG_INFORMATION_FORMAT = "dwarf-with-dsym";
				ENABLE_NS_ASSERTIONS = NO;
				ENABLE_STRICT_OBJC_MSGSEND = YES;
				GCC_C_LANGUAGE_STANDARD = gnu11;
				GCC_NO_COMMON_BLOCKS = YES;
				GCC_WARN_64_TO_32_BIT_CONVERSION = YES;
				GCC_WARN_ABOUT_RETURN_TYPE = YES_ERROR;
				GCC_WARN_UNDECLARED_SELECTOR = YES;
				GCC_WARN_UNINITIALIZED_AUTOS = YES_AGGRESSIVE;
				GCC_WARN_UNUSED_FUNCTION = YES;
				GCC_WARN_UNUSED_VARIABLE = YES;
				IPHONEOS_DEPLOYMENT_TARGET = 12.1;
				MTL_ENABLE_DEBUG_INFO = NO;
				MTL_FAST_MATH = YES;
				SDKROOT = iphoneos;
				SWIFT_COMPILATION_MODE = wholemodule;
				SWIFT_OPTIMIZATION_LEVEL = "-O";
				VALIDATE_PRODUCT = YES;
			};
			name = Release;
		};
		5B11E39121C07E84009E7411 /* Debug */ = {
			isa = XCBuildConfiguration;
			buildSettings = {
				ASSETCATALOG_COMPILER_APPICON_NAME = AppIcon;
				CODE_SIGN_STYLE = Automatic;
				DEVELOPMENT_TEAM = WQ2FN46XND;
				INFOPLIST_FILE = "$(SRCROOT)/ChuckNorris/Resource/Info.plist";
				LD_RUNPATH_SEARCH_PATHS = (
					"$(inherited)",
					"@executable_path/Frameworks",
				);
				PRODUCT_BUNDLE_IDENTIFIER = RxDx.ChuckNorris;
				PRODUCT_NAME = "$(TARGET_NAME)";
				SWIFT_VERSION = 4.2;
				TARGETED_DEVICE_FAMILY = "1,2";
			};
			name = Debug;
		};
		5B11E39221C07E84009E7411 /* Release */ = {
			isa = XCBuildConfiguration;
			buildSettings = {
				ASSETCATALOG_COMPILER_APPICON_NAME = AppIcon;
				CODE_SIGN_STYLE = Automatic;
				DEVELOPMENT_TEAM = WQ2FN46XND;
				INFOPLIST_FILE = "$(SRCROOT)/ChuckNorris/Resource/Info.plist";
				LD_RUNPATH_SEARCH_PATHS = (
					"$(inherited)",
					"@executable_path/Frameworks",
				);
				PRODUCT_BUNDLE_IDENTIFIER = RxDx.ChuckNorris;
				PRODUCT_NAME = "$(TARGET_NAME)";
				SWIFT_VERSION = 4.2;
				TARGETED_DEVICE_FAMILY = "1,2";
			};
			name = Release;
		};
		5B11E39421C07E84009E7411 /* Debug */ = {
			isa = XCBuildConfiguration;
			buildSettings = {
				ALWAYS_EMBED_SWIFT_STANDARD_LIBRARIES = YES;
				BUNDLE_LOADER = "$(TEST_HOST)";
				CODE_SIGN_STYLE = Automatic;
				DEVELOPMENT_TEAM = WQ2FN46XND;
				INFOPLIST_FILE = ChuckNorrisTests/Info.plist;
				LD_RUNPATH_SEARCH_PATHS = (
					"$(inherited)",
					"@executable_path/Frameworks",
					"@loader_path/Frameworks",
				);
				PRODUCT_BUNDLE_IDENTIFIER = RxDx.ChuckNorrisTests;
				PRODUCT_NAME = "$(TARGET_NAME)";
				SWIFT_VERSION = 4.2;
				TARGETED_DEVICE_FAMILY = "1,2";
				TEST_HOST = "$(BUILT_PRODUCTS_DIR)/ChuckNorris.app/ChuckNorris";
			};
			name = Debug;
		};
		5B11E39521C07E84009E7411 /* Release */ = {
			isa = XCBuildConfiguration;
			buildSettings = {
				ALWAYS_EMBED_SWIFT_STANDARD_LIBRARIES = YES;
				BUNDLE_LOADER = "$(TEST_HOST)";
				CODE_SIGN_STYLE = Automatic;
				DEVELOPMENT_TEAM = WQ2FN46XND;
				INFOPLIST_FILE = ChuckNorrisTests/Info.plist;
				LD_RUNPATH_SEARCH_PATHS = (
					"$(inherited)",
					"@executable_path/Frameworks",
					"@loader_path/Frameworks",
				);
				PRODUCT_BUNDLE_IDENTIFIER = RxDx.ChuckNorrisTests;
				PRODUCT_NAME = "$(TARGET_NAME)";
				SWIFT_VERSION = 4.2;
				TARGETED_DEVICE_FAMILY = "1,2";
				TEST_HOST = "$(BUILT_PRODUCTS_DIR)/ChuckNorris.app/ChuckNorris";
			};
			name = Release;
		};
		5B11E39721C07E84009E7411 /* Debug */ = {
			isa = XCBuildConfiguration;
			buildSettings = {
				ALWAYS_EMBED_SWIFT_STANDARD_LIBRARIES = YES;
				CODE_SIGN_STYLE = Automatic;
				DEVELOPMENT_TEAM = WQ2FN46XND;
				INFOPLIST_FILE = ChuckNorrisUITests/Info.plist;
				LD_RUNPATH_SEARCH_PATHS = (
					"$(inherited)",
					"@executable_path/Frameworks",
					"@loader_path/Frameworks",
				);
				PRODUCT_BUNDLE_IDENTIFIER = RxDx.ChuckNorrisUITests;
				PRODUCT_NAME = "$(TARGET_NAME)";
				SWIFT_VERSION = 4.2;
				TARGETED_DEVICE_FAMILY = "1,2";
				TEST_TARGET_NAME = ChuckNorris;
			};
			name = Debug;
		};
		5B11E39821C07E84009E7411 /* Release */ = {
			isa = XCBuildConfiguration;
			buildSettings = {
				ALWAYS_EMBED_SWIFT_STANDARD_LIBRARIES = YES;
				CODE_SIGN_STYLE = Automatic;
				DEVELOPMENT_TEAM = WQ2FN46XND;
				INFOPLIST_FILE = ChuckNorrisUITests/Info.plist;
				LD_RUNPATH_SEARCH_PATHS = (
					"$(inherited)",
					"@executable_path/Frameworks",
					"@loader_path/Frameworks",
				);
				PRODUCT_BUNDLE_IDENTIFIER = RxDx.ChuckNorrisUITests;
				PRODUCT_NAME = "$(TARGET_NAME)";
				SWIFT_VERSION = 4.2;
				TARGETED_DEVICE_FAMILY = "1,2";
				TEST_TARGET_NAME = ChuckNorris;
			};
			name = Release;
		};
/* End XCBuildConfiguration section */

/* Begin XCConfigurationList section */
		5B11E36321C07E83009E7411 /* Build configuration list for PBXProject "ChuckNorris" */ = {
			isa = XCConfigurationList;
			buildConfigurations = (
				5B11E38E21C07E84009E7411 /* Debug */,
				5B11E38F21C07E84009E7411 /* Release */,
			);
			defaultConfigurationIsVisible = 0;
			defaultConfigurationName = Release;
		};
		5B11E39021C07E84009E7411 /* Build configuration list for PBXNativeTarget "ChuckNorris" */ = {
			isa = XCConfigurationList;
			buildConfigurations = (
				5B11E39121C07E84009E7411 /* Debug */,
				5B11E39221C07E84009E7411 /* Release */,
			);
			defaultConfigurationIsVisible = 0;
			defaultConfigurationName = Release;
		};
		5B11E39321C07E84009E7411 /* Build configuration list for PBXNativeTarget "ChuckNorrisTests" */ = {
			isa = XCConfigurationList;
			buildConfigurations = (
				5B11E39421C07E84009E7411 /* Debug */,
				5B11E39521C07E84009E7411 /* Release */,
			);
			defaultConfigurationIsVisible = 0;
			defaultConfigurationName = Release;
		};
		5B11E39621C07E84009E7411 /* Build configuration list for PBXNativeTarget "ChuckNorrisUITests" */ = {
			isa = XCConfigurationList;
			buildConfigurations = (
				5B11E39721C07E84009E7411 /* Debug */,
				5B11E39821C07E84009E7411 /* Release */,
			);
			defaultConfigurationIsVisible = 0;
			defaultConfigurationName = Release;
		};
/* End XCConfigurationList section */
	};
	rootObject = 5B11E36021C07E83009E7411 /* Project object */;
}
